<Solution>
  <Configurations>
    <BuildType Name="Debug" />
    <BuildType Name="Default" />
    <BuildType Name="Release" />
  </Configurations>
  <Project Path="GestionParquesNacionales/GestionParquesNacionales.sqlproj" Type="42ea0dbd-9cf1-443e-919e-be9c484e4577">
    <BuildType Solution="Default|*" Project="Release" />
  </Project>
</Solution>
